
Microsoft Visual Studio Solution File, Format Version 12.00
# Visual Studio Version 17
VisualStudioVersion = 17.5.33530.505
MinimumVisualStudioVersion = 10.0.40219.1
Project("{9A19103F-16F7-4668-BE54-9A1E7A4F7556}") = "TransactionsLog", "TransactionsLog\TransactionsLog.csproj", "{1A6C5284-173B-4192-B6E3-3A0DAC083ED0}"
EndProject
Project("{9A19103F-16F7-4668-BE54-9A1E7A4F7556}") = "TransactionsLog.Models", "TransactionsLog.Models\TransactionsLog.Models.csproj", "{D9A52CE5-4A4D-4DF9-9F16-5EB61BB49D7D}"
EndProject
Project("{9A19103F-16F7-4668-BE54-9A1E7A4F7556}") = "TransactionsLog.DataLayer.Abstractions", "TransactionsLog.DataLayer.Abstractions\TransactionsLog.DataLayer.Abstractions.csproj", "{927EDCC8-1021-4834-8E96-D48F411992DB}"
EndProject
Project("{9A19103F-16F7-4668-BE54-9A1E7A4F7556}") = "TransactionsLog.DataLayer.EF", "TransactionsLog.DataLayer.EF\TransactionsLog.DataLayer.EF.csproj", "{8537A4BE-6039-44BD-A054-ED33AE0AF096}"
EndProject
Project("{9A19103F-16F7-4668-BE54-9A1E7A4F7556}") = "TransactionsLog.Services", "TransactionsLog.Services\TransactionsLog.Services.csproj", "{BE53D3F6-89C6-4A3C-98B1-C433F239BC3F}"
EndProject
Project("{9A19103F-16F7-4668-BE54-9A1E7A4F7556}") = "TransactionsLog.Services.Tests", "TransactionsLog.Services.Tests\TransactionsLog.Services.Tests.csproj", "{044E225E-8F16-42D5-A674-5A0A0D6CFD0D}"
EndProject
Project("{2150E333-8FDC-42A3-9474-1A3956D46DE8}") = "Itens de Solução", "Itens de Solução", "{E37338D2-1F56-408A-B208-49479CEC274C}"
	ProjectSection(SolutionItems) = preProject
		docker-compose.yml = docker-compose.yml
		Dockerfile = Dockerfile
		README.md = README.md
	EndProjectSection
EndProject
Global
	GlobalSection(SolutionConfigurationPlatforms) = preSolution
		Debug|Any CPU = Debug|Any CPU
		Release|Any CPU = Release|Any CPU
	EndGlobalSection
	GlobalSection(ProjectConfigurationPlatforms) = postSolution
		{1A6C5284-173B-4192-B6E3-3A0DAC083ED0}.Debug|Any CPU.ActiveCfg = Debug|Any CPU
		{1A6C5284-173B-4192-B6E3-3A0DAC083ED0}.Debug|Any CPU.Build.0 = Debug|Any CPU
		{1A6C5284-173B-4192-B6E3-3A0DAC083ED0}.Release|Any CPU.ActiveCfg = Release|Any CPU
		{1A6C5284-173B-4192-B6E3-3A0DAC083ED0}.Release|Any CPU.Build.0 = Release|Any CPU
		{D9A52CE5-4A4D-4DF9-9F16-5EB61BB49D7D}.Debug|Any CPU.ActiveCfg = Debug|Any CPU
		{D9A52CE5-4A4D-4DF9-9F16-5EB61BB49D7D}.Debug|Any CPU.Build.0 = Debug|Any CPU
		{D9A52CE5-4A4D-4DF9-9F16-5EB61BB49D7D}.Release|Any CPU.ActiveCfg = Release|Any CPU
		{D9A52CE5-4A4D-4DF9-9F16-5EB61BB49D7D}.Release|Any CPU.Build.0 = Release|Any CPU
		{927EDCC8-1021-4834-8E96-D48F411992DB}.Debug|Any CPU.ActiveCfg = Debug|Any CPU
		{927EDCC8-1021-4834-8E96-D48F411992DB}.Debug|Any CPU.Build.0 = Debug|Any CPU
		{927EDCC8-1021-4834-8E96-D48F411992DB}.Release|Any CPU.ActiveCfg = Release|Any CPU
		{927EDCC8-1021-4834-8E96-D48F411992DB}.Release|Any CPU.Build.0 = Release|Any CPU
		{8537A4BE-6039-44BD-A054-ED33AE0AF096}.Debug|Any CPU.ActiveCfg = Debug|Any CPU
		{8537A4BE-6039-44BD-A054-ED33AE0AF096}.Debug|Any CPU.Build.0 = Debug|Any CPU
		{8537A4BE-6039-44BD-A054-ED33AE0AF096}.Release|Any CPU.ActiveCfg = Release|Any CPU
		{8537A4BE-6039-44BD-A054-ED33AE0AF096}.Release|Any CPU.Build.0 = Release|Any CPU
		{BE53D3F6-89C6-4A3C-98B1-C433F239BC3F}.Debug|Any CPU.ActiveCfg = Debug|Any CPU
		{BE53D3F6-89C6-4A3C-98B1-C433F239BC3F}.Debug|Any CPU.Build.0 = Debug|Any CPU
		{BE53D3F6-89C6-4A3C-98B1-C433F239BC3F}.Release|Any CPU.ActiveCfg = Release|Any CPU
		{BE53D3F6-89C6-4A3C-98B1-C433F239BC3F}.Release|Any CPU.Build.0 = Release|Any CPU
		{044E225E-8F16-42D5-A674-5A0A0D6CFD0D}.Debug|Any CPU.ActiveCfg = Debug|Any CPU
		{044E225E-8F16-42D5-A674-5A0A0D6CFD0D}.Debug|Any CPU.Build.0 = Debug|Any CPU
		{044E225E-8F16-42D5-A674-5A0A0D6CFD0D}.Release|Any CPU.ActiveCfg = Release|Any CPU
		{044E225E-8F16-42D5-A674-5A0A0D6CFD0D}.Release|Any CPU.Build.0 = Release|Any CPU
	EndGlobalSection
	GlobalSection(SolutionProperties) = preSolution
		HideSolutionNode = FALSE
	EndGlobalSection
	GlobalSection(ExtensibilityGlobals) = postSolution
		SolutionGuid = {D663685F-67DF-4152-A0D9-93056A4CB0CC}
	EndGlobalSection
EndGlobal
